
Microsoft Visual Studio Solution File, Format Version 12.00
# Visual Studio Version 17
VisualStudioVersion = 17.10.35013.160
MinimumVisualStudioVersion = 10.0.40219.1
Project("{FAE04EC0-301F-11D3-BF4B-00C04F79EFBC}") = "Project7", "Project7\Project7.csproj", "{A3DB1A03-79E6-4EF7-8669-35EFDD5A0B0F}"
EndProject
Global
	GlobalSection(SolutionConfigurationPlatforms) = preSolution
		Debug|Any CPU = Debug|Any CPU
		Release|Any CPU = Release|Any CPU
	EndGlobalSection
	GlobalSection(ProjectConfigurationPlatforms) = postSolution
		{A3DB1A03-79E6-4EF7-8669-35EFDD5A0B0F}.Debug|Any CPU.ActiveCfg = Debug|Any CPU
		{A3DB1A03-79E6-4EF7-8669-35EFDD5A0B0F}.Debug|Any CPU.Build.0 = Debug|Any CPU
		{A3DB1A03-79E6-4EF7-8669-35EFDD5A0B0F}.Release|Any CPU.ActiveCfg = Release|Any CPU
		{A3DB1A03-79E6-4EF7-8669-35EFDD5A0B0F}.Release|Any CPU.Build.0 = Release|Any CPU
	EndGlobalSection
	GlobalSection(SolutionProperties) = preSolution
		HideSolutionNode = FALSE
	EndGlobalSection
	GlobalSection(ExtensibilityGlobals) = postSolution
		SolutionGuid = {27A179F8-676A-46F5-9998-A90CE95E285C}
	EndGlobalSection
EndGlobal
